{
    "name": "examples",
    "lockfileVersion": 2,
    "requires": true,
    "packages": {
        "": {
            "dependencies": {
                "nv": "file:../nv"
            }
        },
        "../nv": {
            "version": "1.0.9",
            "license": "UNLICENSED",
            "dependencies": {
                "ioredis": "^4.28.2",
                "winston": "^3.3.3"
            }
        },
        "node_modules/nv": {
            "resolved": "../nv",
            "link": true
        }
    },
    "dependencies": {
        "nv": {
            "version": "file:../nv",
            "requires": {
                "ioredis": "^4.28.2",
                "winston": "^3.3.3"
            }
        }
    }
}
